
Microsoft Visual Studio Solution File, Format Version 12.00
# Visual Studio Version 17
VisualStudioVersion = 17.1.32210.238
MinimumVisualStudioVersion = 10.0.40219.1
Project("{9A19103F-16F7-4668-BE54-9A1E7A4F7556}") = "VRCLawnchair", "VRCLawnchair.csproj", "{B9F5E929-8AA3-418A-A61F-3841898E53B2}"
EndProject
Global
	GlobalSection(SolutionConfigurationPlatforms) = preSolution
		Debug|Any CPU = Debug|Any CPU
		Release|Any CPU = Release|Any CPU
	EndGlobalSection
	GlobalSection(ProjectConfigurationPlatforms) = postSolution
		{B9F5E929-8AA3-418A-A61F-3841898E53B2}.Debug|Any CPU.ActiveCfg = Debug|Any CPU
		{B9F5E929-8AA3-418A-A61F-3841898E53B2}.Debug|Any CPU.Build.0 = Debug|Any CPU
		{B9F5E929-8AA3-418A-A61F-3841898E53B2}.Release|Any CPU.ActiveCfg = Release|Any CPU
		{B9F5E929-8AA3-418A-A61F-3841898E53B2}.Release|Any CPU.Build.0 = Release|Any CPU
	EndGlobalSection
	GlobalSection(SolutionProperties) = preSolution
		HideSolutionNode = FALSE
	EndGlobalSection
	GlobalSection(ExtensibilityGlobals) = postSolution
		SolutionGuid = {DA6A953A-4479-45AC-92E1-46B42B05ABFA}
	EndGlobalSection
EndGlobal
